
Microsoft Visual Studio Solution File, Format Version 12.00
# Visual Studio Version 17
VisualStudioVersion = 17.11.35327.3
MinimumVisualStudioVersion = 10.0.40219.1
Project("{FAE04EC0-301F-11D3-BF4B-00C04F79EFBC}") = "ShortcutManager", "ShortcutManager\ShortcutManager.csproj", "{6FE90FB4-6089-4A42-AEC6-B44A0CFEEB8F}"
EndProject
Global
	GlobalSection(SolutionConfigurationPlatforms) = preSolution
		Debug|Any CPU = Debug|Any CPU
		Release|Any CPU = Release|Any CPU
	EndGlobalSection
	GlobalSection(ProjectConfigurationPlatforms) = postSolution
		{6FE90FB4-6089-4A42-AEC6-B44A0CFEEB8F}.Debug|Any CPU.ActiveCfg = Debug|Any CPU
		{6FE90FB4-6089-4A42-AEC6-B44A0CFEEB8F}.Debug|Any CPU.Build.0 = Debug|Any CPU
		{6FE90FB4-6089-4A42-AEC6-B44A0CFEEB8F}.Release|Any CPU.ActiveCfg = Release|Any CPU
		{6FE90FB4-6089-4A42-AEC6-B44A0CFEEB8F}.Release|Any CPU.Build.0 = Release|Any CPU
	EndGlobalSection
	GlobalSection(SolutionProperties) = preSolution
		HideSolutionNode = FALSE
	EndGlobalSection
	GlobalSection(ExtensibilityGlobals) = postSolution
		SolutionGuid = {D554B2A0-03B8-44FF-96F3-17BC27F4E88C}
	EndGlobalSection
EndGlobal
